// !$*UTF8*$!
{
	archiveVersion = 1;
	classes = {
	};
	objectVersion = 56;
	objects = {

/* Begin PBXBuildFile section */
		A002DF202938187E004D7D3E /* FakeJson.json in Resources */ = {isa = PBXBuildFile; fileRef = A002DF1F2938187E004D7D3E /* FakeJson.json */; };
		A006ADB629311EBA005CEC0E /* AppDelegate.swift in Sources */ = {isa = PBXBuildFile; fileRef = A006ADB529311EBA005CEC0E /* AppDelegate.swift */; };
		A006ADB829311EBA005CEC0E /* SceneDelegate.swift in Sources */ = {isa = PBXBuildFile; fileRef = A006ADB729311EBA005CEC0E /* SceneDelegate.swift */; };
		A006ADBD29311EBA005CEC0E /* Main.storyboard in Resources */ = {isa = PBXBuildFile; fileRef = A006ADBB29311EBA005CEC0E /* Main.storyboard */; };
		A006ADBF29311EBC005CEC0E /* Assets.xcassets in Resources */ = {isa = PBXBuildFile; fileRef = A006ADBE29311EBC005CEC0E /* Assets.xcassets */; };
		A006ADC229311EBC005CEC0E /* LaunchScreen.storyboard in Resources */ = {isa = PBXBuildFile; fileRef = A006ADC029311EBC005CEC0E /* LaunchScreen.storyboard */; };
		A041F178294773330012C2AC /* HomePresenter.swift in Sources */ = {isa = PBXBuildFile; fileRef = A041F177294773330012C2AC /* HomePresenter.swift */; };
		A041F17A294773600012C2AC /* HomeRouter.swift in Sources */ = {isa = PBXBuildFile; fileRef = A041F179294773600012C2AC /* HomeRouter.swift */; };
		A041F17C294773700012C2AC /* HomeInteractor.swift in Sources */ = {isa = PBXBuildFile; fileRef = A041F17B294773700012C2AC /* HomeInteractor.swift */; };
		A041F1802947740B0012C2AC /* HomeConfigurator.swift in Sources */ = {isa = PBXBuildFile; fileRef = A041F17F2947740B0012C2AC /* HomeConfigurator.swift */; };
		A041F1D62947BF4C0012C2AC /* FoodEntity.swift in Sources */ = {isa = PBXBuildFile; fileRef = A041F1D52947BF4B0012C2AC /* FoodEntity.swift */; };
		A041F1D82947BF690012C2AC /* ListFoodInteractor.swift in Sources */ = {isa = PBXBuildFile; fileRef = A041F1D72947BF690012C2AC /* ListFoodInteractor.swift */; };
		A041F1DA2947BFB10012C2AC /* ListFoodPresenter.swift in Sources */ = {isa = PBXBuildFile; fileRef = A041F1D92947BFB10012C2AC /* ListFoodPresenter.swift */; };
		A041F1DD2947C0370012C2AC /* Networking.swift in Sources */ = {isa = PBXBuildFile; fileRef = A041F1DC2947C0370012C2AC /* Networking.swift */; };
		A041F1E22947C0870012C2AC /* FoodResponse.swift in Sources */ = {isa = PBXBuildFile; fileRef = A041F1E12947C0870012C2AC /* FoodResponse.swift */; };
		A041F1E42947C0AD0012C2AC /* CategoryFoods.swift in Sources */ = {isa = PBXBuildFile; fileRef = A041F1E32947C0AD0012C2AC /* CategoryFoods.swift */; };
		A041F1E82947C0DC0012C2AC /* FoodResponse.json in Resources */ = {isa = PBXBuildFile; fileRef = A041F1E72947C0DC0012C2AC /* FoodResponse.json */; };
		A041F1EA2947C10A0012C2AC /* CategoryFoods.json in Resources */ = {isa = PBXBuildFile; fileRef = A041F1E92947C10A0012C2AC /* CategoryFoods.json */; };
		A041F1EC2947C15C0012C2AC /* ListFoodRouter.swift in Sources */ = {isa = PBXBuildFile; fileRef = A041F1EB2947C15C0012C2AC /* ListFoodRouter.swift */; };
		A041F2562948CB550012C2AC /* ListFoodProtocol.swift in Sources */ = {isa = PBXBuildFile; fileRef = A041F2552948CB550012C2AC /* ListFoodProtocol.swift */; };
		A041F25A2948D60E0012C2AC /* HomeProtocols.swift in Sources */ = {isa = PBXBuildFile; fileRef = A041F2592948D60E0012C2AC /* HomeProtocols.swift */; };
		A041F26E2948F31C0012C2AC /* ListFoodConfigurator.swift in Sources */ = {isa = PBXBuildFile; fileRef = A041F26D2948F31C0012C2AC /* ListFoodConfigurator.swift */; };
		A041F270294903100012C2AC /* TestViewController.swift in Sources */ = {isa = PBXBuildFile; fileRef = A041F26F294903100012C2AC /* TestViewController.swift */; };
		A041F274294973A30012C2AC /* DetailsFoodProtocols.swift in Sources */ = {isa = PBXBuildFile; fileRef = A041F273294973A30012C2AC /* DetailsFoodProtocols.swift */; };
		A041F276294974CB0012C2AC /* DetailsFoodConfigurator.swift in Sources */ = {isa = PBXBuildFile; fileRef = A041F275294974CB0012C2AC /* DetailsFoodConfigurator.swift */; };
		A041F278294977F80012C2AC /* DetailsFoodRouter.swift in Sources */ = {isa = PBXBuildFile; fileRef = A041F277294977F80012C2AC /* DetailsFoodRouter.swift */; };
		A041F27A2949781D0012C2AC /* DetailsFoodPresenter.swift in Sources */ = {isa = PBXBuildFile; fileRef = A041F2792949781D0012C2AC /* DetailsFoodPresenter.swift */; };
		A041F27C294A21810012C2AC /* DateFoodProtocols.swift in Sources */ = {isa = PBXBuildFile; fileRef = A041F27B294A21800012C2AC /* DateFoodProtocols.swift */; };
		A041F27E294A21940012C2AC /* DateFoodPresenter.swift in Sources */ = {isa = PBXBuildFile; fileRef = A041F27D294A21940012C2AC /* DateFoodPresenter.swift */; };
		A041F280294A21A60012C2AC /* DateFoodRouter.swift in Sources */ = {isa = PBXBuildFile; fileRef = A041F27F294A21A60012C2AC /* DateFoodRouter.swift */; };
		A041F282294A21B60012C2AC /* DateFoodConfigurator.swift in Sources */ = {isa = PBXBuildFile; fileRef = A041F281294A21B60012C2AC /* DateFoodConfigurator.swift */; };
		A041F284294A2AC00012C2AC /* FoodDate.swift in Sources */ = {isa = PBXBuildFile; fileRef = A041F283294A2AC00012C2AC /* FoodDate.swift */; };
		A041F286294A43C60012C2AC /* User.json in Resources */ = {isa = PBXBuildFile; fileRef = A041F285294A43C60012C2AC /* User.json */; };
		A041F288294A43FF0012C2AC /* UserResponse.swift in Sources */ = {isa = PBXBuildFile; fileRef = A041F287294A43FF0012C2AC /* UserResponse.swift */; };
		A041F28A294A46950012C2AC /* UserEntity.swift in Sources */ = {isa = PBXBuildFile; fileRef = A041F289294A46950012C2AC /* UserEntity.swift */; };
		A07DB3A8294A7FA9001D95F1 /* CategoryEntity.swift in Sources */ = {isa = PBXBuildFile; fileRef = A07DB3A7294A7FA9001D95F1 /* CategoryEntity.swift */; };
		A07DB3AC294A91A2001D95F1 /* TableViewCell.swift in Sources */ = {isa = PBXBuildFile; fileRef = A07DB3AB294A91A2001D95F1 /* TableViewCell.swift */; };
		A09E1B29293FFF1200BCF263 /* GlobalVariables.swift in Sources */ = {isa = PBXBuildFile; fileRef = A09E1B28293FFF1200BCF263 /* GlobalVariables.swift */; };
		A09E1B2B2940EF2200BCF263 /* DateFood.swift in Sources */ = {isa = PBXBuildFile; fileRef = A09E1B2A2940EF2200BCF263 /* DateFood.swift */; };
		A0AFA015293D2804006C78DB /* FoodModel.swift in Sources */ = {isa = PBXBuildFile; fileRef = A0AFA014293D2804006C78DB /* FoodModel.swift */; };
		A0AFA017293E1751006C78DB /* FoodTableViewCell.swift in Sources */ = {isa = PBXBuildFile; fileRef = A0AFA016293E1751006C78DB /* FoodTableViewCell.swift */; };
		A0AFA019293E18AF006C78DB /* ListFoodViewController.swift in Sources */ = {isa = PBXBuildFile; fileRef = A0AFA018293E18AF006C78DB /* ListFoodViewController.swift */; };
		A0AFA01B293E27F5006C78DB /* ModalFoodDetailsViewController.swift in Sources */ = {isa = PBXBuildFile; fileRef = A0AFA01A293E27F5006C78DB /* ModalFoodDetailsViewController.swift */; };
		A0AFA01F293E605E006C78DB /* DateFoodViewController.swift in Sources */ = {isa = PBXBuildFile; fileRef = A0AFA01E293E605E006C78DB /* DateFoodViewController.swift */; };
		A0AFA024293EA152006C78DB /* PrototypeFood.storyboard in Resources */ = {isa = PBXBuildFile; fileRef = A0AFA023293EA152006C78DB /* PrototypeFood.storyboard */; };
		A0AFA026293EABEF006C78DB /* HomeTableViewCell.swift in Sources */ = {isa = PBXBuildFile; fileRef = A0AFA025293EABEF006C78DB /* HomeTableViewCell.swift */; };
		A0AFA028293EAEF5006C78DB /* HomeCollectionViewCell.swift in Sources */ = {isa = PBXBuildFile; fileRef = A0AFA027293EAEF5006C78DB /* HomeCollectionViewCell.swift */; };
		A0AFA02A293EB0AA006C78DB /* HomeViewController.swift in Sources */ = {isa = PBXBuildFile; fileRef = A0AFA029293EB0AA006C78DB /* HomeViewController.swift */; };
		A0AFA02C293EB160006C78DB /* FoodCollectionSections.swift in Sources */ = {isa = PBXBuildFile; fileRef = A0AFA02B293EB160006C78DB /* FoodCollectionSections.swift */; };
/* End PBXBuildFile section */

/* Begin PBXFileReference section */
		A002DF1F2938187E004D7D3E /* FakeJson.json */ = {isa = PBXFileReference; lastKnownFileType = text.json; path = FakeJson.json; sourceTree = "<group>"; xcLanguageSpecificationIdentifier = xcode.lang.json; };
		A006ADB229311EBA005CEC0E /* SmartFoodApp.app */ = {isa = PBXFileReference; explicitFileType = wrapper.application; includeInIndex = 0; path = SmartFoodApp.app; sourceTree = BUILT_PRODUCTS_DIR; };
		A006ADB529311EBA005CEC0E /* AppDelegate.swift */ = {isa = PBXFileReference; lastKnownFileType = sourcecode.swift; path = AppDelegate.swift; sourceTree = "<group>"; };
		A006ADB729311EBA005CEC0E /* SceneDelegate.swift */ = {isa = PBXFileReference; lastKnownFileType = sourcecode.swift; path = SceneDelegate.swift; sourceTree = "<group>"; };
		A006ADBC29311EBA005CEC0E /* Base */ = {isa = PBXFileReference; lastKnownFileType = file.storyboard; name = Base; path = Base.lproj/Main.storyboard; sourceTree = "<group>"; };
		A006ADBE29311EBC005CEC0E /* Assets.xcassets */ = {isa = PBXFileReference; lastKnownFileType = folder.assetcatalog; path = Assets.xcassets; sourceTree = "<group>"; };
		A006ADC129311EBC005CEC0E /* Base */ = {isa = PBXFileReference; lastKnownFileType = file.storyboard; name = Base; path = Base.lproj/LaunchScreen.storyboard; sourceTree = "<group>"; };
		A006ADC329311EBC005CEC0E /* Info.plist */ = {isa = PBXFileReference; lastKnownFileType = text.plist.xml; path = Info.plist; sourceTree = "<group>"; };
		A041F177294773330012C2AC /* HomePresenter.swift */ = {isa = PBXFileReference; lastKnownFileType = sourcecode.swift; path = HomePresenter.swift; sourceTree = "<group>"; };
		A041F179294773600012C2AC /* HomeRouter.swift */ = {isa = PBXFileReference; lastKnownFileType = sourcecode.swift; path = HomeRouter.swift; sourceTree = "<group>"; };
		A041F17B294773700012C2AC /* HomeInteractor.swift */ = {isa = PBXFileReference; lastKnownFileType = sourcecode.swift; path = HomeInteractor.swift; sourceTree = "<group>"; };
		A041F17F2947740B0012C2AC /* HomeConfigurator.swift */ = {isa = PBXFileReference; lastKnownFileType = sourcecode.swift; path = HomeConfigurator.swift; sourceTree = "<group>"; };
		A041F1D52947BF4B0012C2AC /* FoodEntity.swift */ = {isa = PBXFileReference; lastKnownFileType = sourcecode.swift; path = FoodEntity.swift; sourceTree = "<group>"; };
		A041F1D72947BF690012C2AC /* ListFoodInteractor.swift */ = {isa = PBXFileReference; lastKnownFileType = sourcecode.swift; path = ListFoodInteractor.swift; sourceTree = "<group>"; };
		A041F1D92947BFB10012C2AC /* ListFoodPresenter.swift */ = {isa = PBXFileReference; lastKnownFileType = sourcecode.swift; path = ListFoodPresenter.swift; sourceTree = "<group>"; };
		A041F1DC2947C0370012C2AC /* Networking.swift */ = {isa = PBXFileReference; lastKnownFileType = sourcecode.swift; path = Networking.swift; sourceTree = "<group>"; };
		A041F1E12947C0870012C2AC /* FoodResponse.swift */ = {isa = PBXFileReference; lastKnownFileType = sourcecode.swift; path = FoodResponse.swift; sourceTree = "<group>"; };
		A041F1E32947C0AD0012C2AC /* CategoryFoods.swift */ = {isa = PBXFileReference; lastKnownFileType = sourcecode.swift; path = CategoryFoods.swift; sourceTree = "<group>"; };
		A041F1E72947C0DC0012C2AC /* FoodResponse.json */ = {isa = PBXFileReference; lastKnownFileType = text.json; path = FoodResponse.json; sourceTree = "<group>"; };
		A041F1E92947C10A0012C2AC /* CategoryFoods.json */ = {isa = PBXFileReference; lastKnownFileType = text.json; path = CategoryFoods.json; sourceTree = "<group>"; };
		A041F1EB2947C15C0012C2AC /* ListFoodRouter.swift */ = {isa = PBXFileReference; lastKnownFileType = sourcecode.swift; path = ListFoodRouter.swift; sourceTree = "<group>"; };
		A041F2552948CB550012C2AC /* ListFoodProtocol.swift */ = {isa = PBXFileReference; lastKnownFileType = sourcecode.swift; path = ListFoodProtocol.swift; sourceTree = "<group>"; };
		A041F2592948D60E0012C2AC /* HomeProtocols.swift */ = {isa = PBXFileReference; lastKnownFileType = sourcecode.swift; path = HomeProtocols.swift; sourceTree = "<group>"; };
		A041F26D2948F31C0012C2AC /* ListFoodConfigurator.swift */ = {isa = PBXFileReference; lastKnownFileType = sourcecode.swift; path = ListFoodConfigurator.swift; sourceTree = "<group>"; };
		A041F26F294903100012C2AC /* TestViewController.swift */ = {isa = PBXFileReference; lastKnownFileType = sourcecode.swift; path = TestViewController.swift; sourceTree = "<group>"; };
		A041F273294973A30012C2AC /* DetailsFoodProtocols.swift */ = {isa = PBXFileReference; lastKnownFileType = sourcecode.swift; path = DetailsFoodProtocols.swift; sourceTree = "<group>"; };
		A041F275294974CB0012C2AC /* DetailsFoodConfigurator.swift */ = {isa = PBXFileReference; lastKnownFileType = sourcecode.swift; path = DetailsFoodConfigurator.swift; sourceTree = "<group>"; };
		A041F277294977F80012C2AC /* DetailsFoodRouter.swift */ = {isa = PBXFileReference; lastKnownFileType = sourcecode.swift; path = DetailsFoodRouter.swift; sourceTree = "<group>"; };
		A041F2792949781D0012C2AC /* DetailsFoodPresenter.swift */ = {isa = PBXFileReference; lastKnownFileType = sourcecode.swift; path = DetailsFoodPresenter.swift; sourceTree = "<group>"; };
		A041F27B294A21800012C2AC /* DateFoodProtocols.swift */ = {isa = PBXFileReference; lastKnownFileType = sourcecode.swift; path = DateFoodProtocols.swift; sourceTree = "<group>"; };
		A041F27D294A21940012C2AC /* DateFoodPresenter.swift */ = {isa = PBXFileReference; lastKnownFileType = sourcecode.swift; path = DateFoodPresenter.swift; sourceTree = "<group>"; };
		A041F27F294A21A60012C2AC /* DateFoodRouter.swift */ = {isa = PBXFileReference; lastKnownFileType = sourcecode.swift; path = DateFoodRouter.swift; sourceTree = "<group>"; };
		A041F281294A21B60012C2AC /* DateFoodConfigurator.swift */ = {isa = PBXFileReference; lastKnownFileType = sourcecode.swift; path = DateFoodConfigurator.swift; sourceTree = "<group>"; };
		A041F283294A2AC00012C2AC /* FoodDate.swift */ = {isa = PBXFileReference; lastKnownFileType = sourcecode.swift; path = FoodDate.swift; sourceTree = "<group>"; };
		A041F285294A43C60012C2AC /* User.json */ = {isa = PBXFileReference; lastKnownFileType = text.json; path = User.json; sourceTree = "<group>"; };
		A041F287294A43FF0012C2AC /* UserResponse.swift */ = {isa = PBXFileReference; lastKnownFileType = sourcecode.swift; path = UserResponse.swift; sourceTree = "<group>"; };
		A041F289294A46950012C2AC /* UserEntity.swift */ = {isa = PBXFileReference; lastKnownFileType = sourcecode.swift; path = UserEntity.swift; sourceTree = "<group>"; };
		A07DB3A7294A7FA9001D95F1 /* CategoryEntity.swift */ = {isa = PBXFileReference; lastKnownFileType = sourcecode.swift; path = CategoryEntity.swift; sourceTree = "<group>"; };
		A07DB3AB294A91A2001D95F1 /* TableViewCell.swift */ = {isa = PBXFileReference; lastKnownFileType = sourcecode.swift; path = TableViewCell.swift; sourceTree = "<group>"; };
		A09E1B28293FFF1200BCF263 /* GlobalVariables.swift */ = {isa = PBXFileReference; lastKnownFileType = sourcecode.swift; path = GlobalVariables.swift; sourceTree = "<group>"; };
		A09E1B2A2940EF2200BCF263 /* DateFood.swift */ = {isa = PBXFileReference; lastKnownFileType = sourcecode.swift; path = DateFood.swift; sourceTree = "<group>"; };
		A0AFA014293D2804006C78DB /* FoodModel.swift */ = {isa = PBXFileReference; lastKnownFileType = sourcecode.swift; path = FoodModel.swift; sourceTree = "<group>"; };
		A0AFA016293E1751006C78DB /* FoodTableViewCell.swift */ = {isa = PBXFileReference; lastKnownFileType = sourcecode.swift; path = FoodTableViewCell.swift; sourceTree = "<group>"; };
		A0AFA018293E18AF006C78DB /* ListFoodViewController.swift */ = {isa = PBXFileReference; lastKnownFileType = sourcecode.swift; path = ListFoodViewController.swift; sourceTree = "<group>"; };
		A0AFA01A293E27F5006C78DB /* ModalFoodDetailsViewController.swift */ = {isa = PBXFileReference; lastKnownFileType = sourcecode.swift; path = ModalFoodDetailsViewController.swift; sourceTree = "<group>"; };
		A0AFA01E293E605E006C78DB /* DateFoodViewController.swift */ = {isa = PBXFileReference; lastKnownFileType = sourcecode.swift; path = DateFoodViewController.swift; sourceTree = "<group>"; };
		A0AFA023293EA152006C78DB /* PrototypeFood.storyboard */ = {isa = PBXFileReference; lastKnownFileType = file.storyboard; path = PrototypeFood.storyboard; sourceTree = "<group>"; };
		A0AFA025293EABEF006C78DB /* HomeTableViewCell.swift */ = {isa = PBXFileReference; lastKnownFileType = sourcecode.swift; path = HomeTableViewCell.swift; sourceTree = "<group>"; };
		A0AFA027293EAEF5006C78DB /* HomeCollectionViewCell.swift */ = {isa = PBXFileReference; lastKnownFileType = sourcecode.swift; path = HomeCollectionViewCell.swift; sourceTree = "<group>"; };
		A0AFA029293EB0AA006C78DB /* HomeViewController.swift */ = {isa = PBXFileReference; lastKnownFileType = sourcecode.swift; path = HomeViewController.swift; sourceTree = "<group>"; };
		A0AFA02B293EB160006C78DB /* FoodCollectionSections.swift */ = {isa = PBXFileReference; lastKnownFileType = sourcecode.swift; path = FoodCollectionSections.swift; sourceTree = "<group>"; };
/* End PBXFileReference section */

/* Begin PBXFrameworksBuildPhase section */
		A006ADAF29311EBA005CEC0E /* Frameworks */ = {
			isa = PBXFrameworksBuildPhase;
			buildActionMask = 2147483647;
			files = (
			);
			runOnlyForDeploymentPostprocessing = 0;
		};
/* End PBXFrameworksBuildPhase section */

/* Begin PBXGroup section */
		A006ADA929311EBA005CEC0E = {
			isa = PBXGroup;
			children = (
				A002DF1F2938187E004D7D3E /* FakeJson.json */,
				A006ADB429311EBA005CEC0E /* SmartFoodApp */,
				A006ADB329311EBA005CEC0E /* Products */,
			);
			sourceTree = "<group>";
		};
		A006ADB329311EBA005CEC0E /* Products */ = {
			isa = PBXGroup;
			children = (
				A006ADB229311EBA005CEC0E /* SmartFoodApp.app */,
			);
			name = Products;
			sourceTree = "<group>";
		};
		A006ADB429311EBA005CEC0E /* SmartFoodApp */ = {
			isa = PBXGroup;
			children = (
				A041F1DE2947C04F0012C2AC /* Resources */,
				A041F1DB2947C01A0012C2AC /* Extras */,
				A041F2652948D7460012C2AC /* DateFood */,
				A041F25D2948D6700012C2AC /* DetailsFood */,
				A041F1CF2947BEE80012C2AC /* ListFood */,
				A041F1712947638D0012C2AC /* Home */,
				A0AFA022293E9E9F006C78DB /* Views */,
				A0AFA021293E9E96006C78DB /* Models */,
				A0AFA020293E9E8B006C78DB /* Controllers */,
				A006ADB529311EBA005CEC0E /* AppDelegate.swift */,
				A006ADB729311EBA005CEC0E /* SceneDelegate.swift */,
				A006ADBE29311EBC005CEC0E /* Assets.xcassets */,
				A006ADC329311EBC005CEC0E /* Info.plist */,
			);
			path = SmartFoodApp;
			sourceTree = "<group>";
		};
		A041F1712947638D0012C2AC /* Home */ = {
			isa = PBXGroup;
			children = (
				A041F2582948D5FD0012C2AC /* Protocol */,
				A041F1732947639F0012C2AC /* View */,
				A041F175294763B70012C2AC /* Presenter */,
				A041F172294763980012C2AC /* Interactor */,
				A041F174294763AB0012C2AC /* Router */,
				A041F176294763CD0012C2AC /* Entity */,
				A041F25C2948D64F0012C2AC /* Configurator */,
			);
			path = Home;
			sourceTree = "<group>";
		};
		A041F172294763980012C2AC /* Interactor */ = {
			isa = PBXGroup;
			children = (
				A041F17B294773700012C2AC /* HomeInteractor.swift */,
			);
			path = Interactor;
			sourceTree = "<group>";
		};
		A041F1732947639F0012C2AC /* View */ = {
			isa = PBXGroup;
			children = (
				A0AFA029293EB0AA006C78DB /* HomeViewController.swift */,
				A07DB3AB294A91A2001D95F1 /* TableViewCell.swift */,
			);
			path = View;
			sourceTree = "<group>";
		};
		A041F174294763AB0012C2AC /* Router */ = {
			isa = PBXGroup;
			children = (
				A041F179294773600012C2AC /* HomeRouter.swift */,
			);
			path = Router;
			sourceTree = "<group>";
		};
		A041F175294763B70012C2AC /* Presenter */ = {
			isa = PBXGroup;
			children = (
				A041F177294773330012C2AC /* HomePresenter.swift */,
			);
			path = Presenter;
			sourceTree = "<group>";
		};
		A041F176294763CD0012C2AC /* Entity */ = {
			isa = PBXGroup;
			children = (
				A041F289294A46950012C2AC /* UserEntity.swift */,
				A07DB3A7294A7FA9001D95F1 /* CategoryEntity.swift */,
			);
			path = Entity;
			sourceTree = "<group>";
		};
		A041F1CF2947BEE80012C2AC /* ListFood */ = {
			isa = PBXGroup;
			children = (
				A041F2572948CB5D0012C2AC /* Protocol */,
				A041F1D32947BF030012C2AC /* Views */,
				A041F1D22947BEFD0012C2AC /* Presenter */,
				A041F1D02947BEF00012C2AC /* Interactor */,
				A041F1D12947BEF60012C2AC /* Router */,
				A041F1D42947BF190012C2AC /* Entity */,
				A041F25B2948D63E0012C2AC /* Configurator */,
			);
			path = ListFood;
			sourceTree = "<group>";
		};
		A041F1D02947BEF00012C2AC /* Interactor */ = {
			isa = PBXGroup;
			children = (
				A041F1D72947BF690012C2AC /* ListFoodInteractor.swift */,
			);
			path = Interactor;
			sourceTree = "<group>";
		};
		A041F1D12947BEF60012C2AC /* Router */ = {
			isa = PBXGroup;
			children = (
				A041F1EB2947C15C0012C2AC /* ListFoodRouter.swift */,
			);
			path = Router;
			sourceTree = "<group>";
		};
		A041F1D22947BEFD0012C2AC /* Presenter */ = {
			isa = PBXGroup;
			children = (
				A041F1D92947BFB10012C2AC /* ListFoodPresenter.swift */,
			);
			path = Presenter;
			sourceTree = "<group>";
		};
		A041F1D32947BF030012C2AC /* Views */ = {
			isa = PBXGroup;
			children = (
				A0AFA016293E1751006C78DB /* FoodTableViewCell.swift */,
				A0AFA018293E18AF006C78DB /* ListFoodViewController.swift */,
			);
			path = Views;
			sourceTree = "<group>";
		};
		A041F1D42947BF190012C2AC /* Entity */ = {
			isa = PBXGroup;
			children = (
				A041F1D52947BF4B0012C2AC /* FoodEntity.swift */,
				A041F283294A2AC00012C2AC /* FoodDate.swift */,
			);
			path = Entity;
			sourceTree = "<group>";
		};
		A041F1DB2947C01A0012C2AC /* Extras */ = {
			isa = PBXGroup;
			children = (
				A041F1DC2947C0370012C2AC /* Networking.swift */,
			);
			path = Extras;
			sourceTree = "<group>";
		};
		A041F1DE2947C04F0012C2AC /* Resources */ = {
			isa = PBXGroup;
			children = (
				A041F1E12947C0870012C2AC /* FoodResponse.swift */,
				A041F1E72947C0DC0012C2AC /* FoodResponse.json */,
				A041F1E32947C0AD0012C2AC /* CategoryFoods.swift */,
				A041F1E92947C10A0012C2AC /* CategoryFoods.json */,
				A041F287294A43FF0012C2AC /* UserResponse.swift */,
				A041F285294A43C60012C2AC /* User.json */,
			);
			path = Resources;
			sourceTree = "<group>";
		};
		A041F2572948CB5D0012C2AC /* Protocol */ = {
			isa = PBXGroup;
			children = (
				A041F2552948CB550012C2AC /* ListFoodProtocol.swift */,
			);
			path = Protocol;
			sourceTree = "<group>";
		};
		A041F2582948D5FD0012C2AC /* Protocol */ = {
			isa = PBXGroup;
			children = (
				A041F2592948D60E0012C2AC /* HomeProtocols.swift */,
			);
			path = Protocol;
			sourceTree = "<group>";
		};
		A041F25B2948D63E0012C2AC /* Configurator */ = {
			isa = PBXGroup;
			children = (
				A041F26D2948F31C0012C2AC /* ListFoodConfigurator.swift */,
			);
			path = Configurator;
			sourceTree = "<group>";
		};
		A041F25C2948D64F0012C2AC /* Configurator */ = {
			isa = PBXGroup;
			children = (
				A041F17F2947740B0012C2AC /* HomeConfigurator.swift */,
			);
			path = Configurator;
			sourceTree = "<group>";
		};
		A041F25D2948D6700012C2AC /* DetailsFood */ = {
			isa = PBXGroup;
			children = (
				A041F25E2948D6800012C2AC /* Protocol */,
				A041F25F2948D6890012C2AC /* Views */,
				A041F2602948D6900012C2AC /* Presenter */,
				A041F2612948D6960012C2AC /* Interactor */,
				A041F2622948D69C0012C2AC /* Router */,
				A041F2632948D6A20012C2AC /* Entity */,
				A041F2642948D6A80012C2AC /* Configurator */,
			);
			path = DetailsFood;
			sourceTree = "<group>";
		};
		A041F25E2948D6800012C2AC /* Protocol */ = {
			isa = PBXGroup;
			children = (
				A041F273294973A30012C2AC /* DetailsFoodProtocols.swift */,
			);
			path = Protocol;
			sourceTree = "<group>";
		};
		A041F25F2948D6890012C2AC /* Views */ = {
			isa = PBXGroup;
			children = (
				A0AFA01A293E27F5006C78DB /* ModalFoodDetailsViewController.swift */,
			);
			path = Views;
			sourceTree = "<group>";
		};
		A041F2602948D6900012C2AC /* Presenter */ = {
			isa = PBXGroup;
			children = (
				A041F2792949781D0012C2AC /* DetailsFoodPresenter.swift */,
			);
			path = Presenter;
			sourceTree = "<group>";
		};
		A041F2612948D6960012C2AC /* Interactor */ = {
			isa = PBXGroup;
			children = (
			);
			path = Interactor;
			sourceTree = "<group>";
		};
		A041F2622948D69C0012C2AC /* Router */ = {
			isa = PBXGroup;
			children = (
				A041F277294977F80012C2AC /* DetailsFoodRouter.swift */,
			);
			path = Router;
			sourceTree = "<group>";
		};
		A041F2632948D6A20012C2AC /* Entity */ = {
			isa = PBXGroup;
			children = (
			);
			path = Entity;
			sourceTree = "<group>";
		};
		A041F2642948D6A80012C2AC /* Configurator */ = {
			isa = PBXGroup;
			children = (
				A041F275294974CB0012C2AC /* DetailsFoodConfigurator.swift */,
			);
			path = Configurator;
			sourceTree = "<group>";
		};
		A041F2652948D7460012C2AC /* DateFood */ = {
			isa = PBXGroup;
			children = (
				A041F26C2948D77F0012C2AC /* Protocols */,
				A041F26B2948D7790012C2AC /* Views */,
				A041F26A2948D7740012C2AC /* Presenter */,
				A041F2692948D76E0012C2AC /* Interactor */,
				A041F2682948D76A0012C2AC /* Router */,
				A041F2672948D7640012C2AC /* Entity */,
				A041F2662948D75B0012C2AC /* Configurator */,
			);
			path = DateFood;
			sourceTree = "<group>";
		};
		A041F2662948D75B0012C2AC /* Configurator */ = {
			isa = PBXGroup;
			children = (
				A041F281294A21B60012C2AC /* DateFoodConfigurator.swift */,
			);
			path = Configurator;
			sourceTree = "<group>";
		};
		A041F2672948D7640012C2AC /* Entity */ = {
			isa = PBXGroup;
			children = (
			);
			path = Entity;
			sourceTree = "<group>";
		};
		A041F2682948D76A0012C2AC /* Router */ = {
			isa = PBXGroup;
			children = (
				A041F27F294A21A60012C2AC /* DateFoodRouter.swift */,
			);
			path = Router;
			sourceTree = "<group>";
		};
		A041F2692948D76E0012C2AC /* Interactor */ = {
			isa = PBXGroup;
			children = (
			);
			path = Interactor;
			sourceTree = "<group>";
		};
		A041F26A2948D7740012C2AC /* Presenter */ = {
			isa = PBXGroup;
			children = (
				A041F27D294A21940012C2AC /* DateFoodPresenter.swift */,
			);
			path = Presenter;
			sourceTree = "<group>";
		};
		A041F26B2948D7790012C2AC /* Views */ = {
			isa = PBXGroup;
			children = (
				A0AFA01E293E605E006C78DB /* DateFoodViewController.swift */,
			);
			path = Views;
			sourceTree = "<group>";
		};
		A041F26C2948D77F0012C2AC /* Protocols */ = {
			isa = PBXGroup;
			children = (
				A041F27B294A21800012C2AC /* DateFoodProtocols.swift */,
			);
			path = Protocols;
			sourceTree = "<group>";
		};
		A0AFA020293E9E8B006C78DB /* Controllers */ = {
			isa = PBXGroup;
			children = (
				A0AFA025293EABEF006C78DB /* HomeTableViewCell.swift */,
				A0AFA027293EAEF5006C78DB /* HomeCollectionViewCell.swift */,
				A041F26F294903100012C2AC /* TestViewController.swift */,
			);
			path = Controllers;
			sourceTree = "<group>";
		};
		A0AFA021293E9E96006C78DB /* Models */ = {
			isa = PBXGroup;
			children = (
				A0AFA014293D2804006C78DB /* FoodModel.swift */,
				A0AFA02B293EB160006C78DB /* FoodCollectionSections.swift */,
				A09E1B28293FFF1200BCF263 /* GlobalVariables.swift */,
				A09E1B2A2940EF2200BCF263 /* DateFood.swift */,
			);
			path = Models;
			sourceTree = "<group>";
		};
		A0AFA022293E9E9F006C78DB /* Views */ = {
			isa = PBXGroup;
			children = (
				A006ADBB29311EBA005CEC0E /* Main.storyboard */,
				A006ADC029311EBC005CEC0E /* LaunchScreen.storyboard */,
				A0AFA023293EA152006C78DB /* PrototypeFood.storyboard */,
			);
			path = Views;
			sourceTree = "<group>";
		};
/* End PBXGroup section */

/* Begin PBXNativeTarget section */
		A006ADB129311EBA005CEC0E /* SmartFoodApp */ = {
			isa = PBXNativeTarget;
			buildConfigurationList = A006ADC629311EBC005CEC0E /* Build configuration list for PBXNativeTarget "SmartFoodApp" */;
			buildPhases = (
				A006ADAE29311EBA005CEC0E /* Sources */,
				A006ADAF29311EBA005CEC0E /* Frameworks */,
				A006ADB029311EBA005CEC0E /* Resources */,
			);
			buildRules = (
			);
			dependencies = (
			);
			name = SmartFoodApp;
			productName = SmartFoodApp;
			productReference = A006ADB229311EBA005CEC0E /* SmartFoodApp.app */;
			productType = "com.apple.product-type.application";
		};
/* End PBXNativeTarget section */

/* Begin PBXProject section */
		A006ADAA29311EBA005CEC0E /* Project object */ = {
			isa = PBXProject;
			attributes = {
				BuildIndependentTargetsInParallel = 1;
				LastSwiftUpdateCheck = 1410;
				LastUpgradeCheck = 1410;
				TargetAttributes = {
					A006ADB129311EBA005CEC0E = {
						CreatedOnToolsVersion = 14.1;
					};
				};
			};
			buildConfigurationList = A006ADAD29311EBA005CEC0E /* Build configuration list for PBXProject "SmartFoodApp" */;
			compatibilityVersion = "Xcode 14.0";
			developmentRegion = en;
			hasScannedForEncodings = 0;
			knownRegions = (
				en,
				Base,
			);
			mainGroup = A006ADA929311EBA005CEC0E;
			productRefGroup = A006ADB329311EBA005CEC0E /* Products */;
			projectDirPath = "";
			projectRoot = "";
			targets = (
				A006ADB129311EBA005CEC0E /* SmartFoodApp */,
			);
		};
/* End PBXProject section */

/* Begin PBXResourcesBuildPhase section */
		A006ADB029311EBA005CEC0E /* Resources */ = {
			isa = PBXResourcesBuildPhase;
			buildActionMask = 2147483647;
			files = (
				A041F286294A43C60012C2AC /* User.json in Resources */,
				A006ADC229311EBC005CEC0E /* LaunchScreen.storyboard in Resources */,
				A041F1EA2947C10A0012C2AC /* CategoryFoods.json in Resources */,
				A006ADBF29311EBC005CEC0E /* Assets.xcassets in Resources */,
				A002DF202938187E004D7D3E /* FakeJson.json in Resources */,
				A0AFA024293EA152006C78DB /* PrototypeFood.storyboard in Resources */,
				A041F1E82947C0DC0012C2AC /* FoodResponse.json in Resources */,
				A006ADBD29311EBA005CEC0E /* Main.storyboard in Resources */,
			);
			runOnlyForDeploymentPostprocessing = 0;
		};
/* End PBXResourcesBuildPhase section */

/* Begin PBXSourcesBuildPhase section */
		A006ADAE29311EBA005CEC0E /* Sources */ = {
			isa = PBXSourcesBuildPhase;
			buildActionMask = 2147483647;
			files = (
				A041F1E22947C0870012C2AC /* FoodResponse.swift in Sources */,
				A041F2562948CB550012C2AC /* ListFoodProtocol.swift in Sources */,
				A041F284294A2AC00012C2AC /* FoodDate.swift in Sources */,
				A041F278294977F80012C2AC /* DetailsFoodRouter.swift in Sources */,
				A041F1D82947BF690012C2AC /* ListFoodInteractor.swift in Sources */,
				A041F274294973A30012C2AC /* DetailsFoodProtocols.swift in Sources */,
				A041F280294A21A60012C2AC /* DateFoodRouter.swift in Sources */,
				A041F1DD2947C0370012C2AC /* Networking.swift in Sources */,
				A041F26E2948F31C0012C2AC /* ListFoodConfigurator.swift in Sources */,
				A09E1B29293FFF1200BCF263 /* GlobalVariables.swift in Sources */,
				A041F17C294773700012C2AC /* HomeInteractor.swift in Sources */,
				A0AFA015293D2804006C78DB /* FoodModel.swift in Sources */,
				A041F27E294A21940012C2AC /* DateFoodPresenter.swift in Sources */,
				A041F288294A43FF0012C2AC /* UserResponse.swift in Sources */,
				A041F25A2948D60E0012C2AC /* HomeProtocols.swift in Sources */,
				A041F27C294A21810012C2AC /* DateFoodProtocols.swift in Sources */,
				A041F17A294773600012C2AC /* HomeRouter.swift in Sources */,
				A041F1802947740B0012C2AC /* HomeConfigurator.swift in Sources */,
				A041F282294A21B60012C2AC /* DateFoodConfigurator.swift in Sources */,
				A041F27A2949781D0012C2AC /* DetailsFoodPresenter.swift in Sources */,
				A0AFA02C293EB160006C78DB /* FoodCollectionSections.swift in Sources */,
				A006ADB629311EBA005CEC0E /* AppDelegate.swift in Sources */,
				A006ADB829311EBA005CEC0E /* SceneDelegate.swift in Sources */,
				A041F1E42947C0AD0012C2AC /* CategoryFoods.swift in Sources */,
				A09E1B2B2940EF2200BCF263 /* DateFood.swift in Sources */,
				A0AFA01F293E605E006C78DB /* DateFoodViewController.swift in Sources */,
				A041F1DA2947BFB10012C2AC /* ListFoodPresenter.swift in Sources */,
				A0AFA019293E18AF006C78DB /* ListFoodViewController.swift in Sources */,
				A0AFA02A293EB0AA006C78DB /* HomeViewController.swift in Sources */,
				A0AFA028293EAEF5006C78DB /* HomeCollectionViewCell.swift in Sources */,
				A041F1EC2947C15C0012C2AC /* ListFoodRouter.swift in Sources */,
				A041F276294974CB0012C2AC /* DetailsFoodConfigurator.swift in Sources */,
				A0AFA017293E1751006C78DB /* FoodTableViewCell.swift in Sources */,
				A07DB3AC294A91A2001D95F1 /* TableViewCell.swift in Sources */,
				A041F178294773330012C2AC /* HomePresenter.swift in Sources */,
				A07DB3A8294A7FA9001D95F1 /* CategoryEntity.swift in Sources */,
				A041F28A294A46950012C2AC /* UserEntity.swift in Sources */,
				A041F270294903100012C2AC /* TestViewController.swift in Sources */,
				A0AFA026293EABEF006C78DB /* HomeTableViewCell.swift in Sources */,
				A0AFA01B293E27F5006C78DB /* ModalFoodDetailsViewController.swift in Sources */,
				A041F1D62947BF4C0012C2AC /* FoodEntity.swift in Sources */,
			);
			runOnlyForDeploymentPostprocessing = 0;
		};
/* End PBXSourcesBuildPhase section */

/* Begin PBXVariantGroup section */
		A006ADBB29311EBA005CEC0E /* Main.storyboard */ = {
			isa = PBXVariantGroup;
			children = (
				A006ADBC29311EBA005CEC0E /* Base */,
			);
			name = Main.storyboard;
			sourceTree = "<group>";
		};
		A006ADC029311EBC005CEC0E /* LaunchScreen.storyboard */ = {
			isa = PBXVariantGroup;
			children = (
				A006ADC129311EBC005CEC0E /* Base */,
			);
			name = LaunchScreen.storyboard;
			sourceTree = "<group>";
		};
/* End PBXVariantGroup section */

/* Begin XCBuildConfiguration section */
		A006ADC429311EBC005CEC0E /* Debug */ = {
			isa = XCBuildConfiguration;
			buildSettings = {
				ALWAYS_SEARCH_USER_PATHS = NO;
				CLANG_ANALYZER_NONNULL = YES;
				CLANG_ANALYZER_NUMBER_OBJECT_CONVERSION = YES_AGGRESSIVE;
				CLANG_CXX_LANGUAGE_STANDARD = "gnu++20";
				CLANG_ENABLE_MODULES = YES;
				CLANG_ENABLE_OBJC_ARC = YES;
				CLANG_ENABLE_OBJC_WEAK = YES;
				CLANG_WARN_BLOCK_CAPTURE_AUTORELEASING = YES;
				CLANG_WARN_BOOL_CONVERSION = YES;
				CLANG_WARN_COMMA = YES;
				CLANG_WARN_CONSTANT_CONVERSION = YES;
				CLANG_WARN_DEPRECATED_OBJC_IMPLEMENTATIONS = YES;
				CLANG_WARN_DIRECT_OBJC_ISA_USAGE = YES_ERROR;
				CLANG_WARN_DOCUMENTATION_COMMENTS = YES;
				CLANG_WARN_EMPTY_BODY = YES;
				CLANG_WARN_ENUM_CONVERSION = YES;
				CLANG_WARN_INFINITE_RECURSION = YES;
				CLANG_WARN_INT_CONVERSION = YES;
				CLANG_WARN_NON_LITERAL_NULL_CONVERSION = YES;
				CLANG_WARN_OBJC_IMPLICIT_RETAIN_SELF = YES;
				CLANG_WARN_OBJC_LITERAL_CONVERSION = YES;
				CLANG_WARN_OBJC_ROOT_CLASS = YES_ERROR;
				CLANG_WARN_QUOTED_INCLUDE_IN_FRAMEWORK_HEADER = YES;
				CLANG_WARN_RANGE_LOOP_ANALYSIS = YES;
				CLANG_WARN_STRICT_PROTOTYPES = YES;
				CLANG_WARN_SUSPICIOUS_MOVE = YES;
				CLANG_WARN_UNGUARDED_AVAILABILITY = YES_AGGRESSIVE;
				CLANG_WARN_UNREACHABLE_CODE = YES;
				CLANG_WARN__DUPLICATE_METHOD_MATCH = YES;
				COPY_PHASE_STRIP = NO;
				DEBUG_INFORMATION_FORMAT = dwarf;
				ENABLE_STRICT_OBJC_MSGSEND = YES;
				ENABLE_TESTABILITY = YES;
				GCC_C_LANGUAGE_STANDARD = gnu11;
				GCC_DYNAMIC_NO_PIC = NO;
				GCC_NO_COMMON_BLOCKS = YES;
				GCC_OPTIMIZATION_LEVEL = 0;
				GCC_PREPROCESSOR_DEFINITIONS = (
					"DEBUG=1",
					"$(inherited)",
				);
				GCC_WARN_64_TO_32_BIT_CONVERSION = YES;
				GCC_WARN_ABOUT_RETURN_TYPE = YES_ERROR;
				GCC_WARN_UNDECLARED_SELECTOR = YES;
				GCC_WARN_UNINITIALIZED_AUTOS = YES_AGGRESSIVE;
				GCC_WARN_UNUSED_FUNCTION = YES;
				GCC_WARN_UNUSED_VARIABLE = YES;
				IPHONEOS_DEPLOYMENT_TARGET = 16.1;
				MTL_ENABLE_DEBUG_INFO = INCLUDE_SOURCE;
				MTL_FAST_MATH = YES;
				ONLY_ACTIVE_ARCH = YES;
				SDKROOT = iphoneos;
				SWIFT_ACTIVE_COMPILATION_CONDITIONS = DEBUG;
				SWIFT_OPTIMIZATION_LEVEL = "-Onone";
			};
			name = Debug;
		};
		A006ADC529311EBC005CEC0E /* Release */ = {
			isa = XCBuildConfiguration;
			buildSettings = {
				ALWAYS_SEARCH_USER_PATHS = NO;
				CLANG_ANALYZER_NONNULL = YES;
				CLANG_ANALYZER_NUMBER_OBJECT_CONVERSION = YES_AGGRESSIVE;
				CLANG_CXX_LANGUAGE_STANDARD = "gnu++20";
				CLANG_ENABLE_MODULES = YES;
				CLANG_ENABLE_OBJC_ARC = YES;
				CLANG_ENABLE_OBJC_WEAK = YES;
				CLANG_WARN_BLOCK_CAPTURE_AUTORELEASING = YES;
				CLANG_WARN_BOOL_CONVERSION = YES;
				CLANG_WARN_COMMA = YES;
				CLANG_WARN_CONSTANT_CONVERSION = YES;
				CLANG_WARN_DEPRECATED_OBJC_IMPLEMENTATIONS = YES;
				CLANG_WARN_DIRECT_OBJC_ISA_USAGE = YES_ERROR;
				CLANG_WARN_DOCUMENTATION_COMMENTS = YES;
				CLANG_WARN_EMPTY_BODY = YES;
				CLANG_WARN_ENUM_CONVERSION = YES;
				CLANG_WARN_INFINITE_RECURSION = YES;
				CLANG_WARN_INT_CONVERSION = YES;
				CLANG_WARN_NON_LITERAL_NULL_CONVERSION = YES;
				CLANG_WARN_OBJC_IMPLICIT_RETAIN_SELF = YES;
				CLANG_WARN_OBJC_LITERAL_CONVERSION = YES;
				CLANG_WARN_OBJC_ROOT_CLASS = YES_ERROR;
				CLANG_WARN_QUOTED_INCLUDE_IN_FRAMEWORK_HEADER = YES;
				CLANG_WARN_RANGE_LOOP_ANALYSIS = YES;
				CLANG_WARN_STRICT_PROTOTYPES = YES;
				CLANG_WARN_SUSPICIOUS_MOVE = YES;
				CLANG_WARN_UNGUARDED_AVAILABILITY = YES_AGGRESSIVE;
				CLANG_WARN_UNREACHABLE_CODE = YES;
				CLANG_WARN__DUPLICATE_METHOD_MATCH = YES;
				COPY_PHASE_STRIP = NO;
				DEBUG_INFORMATION_FORMAT = "dwarf-with-dsym";
				ENABLE_NS_ASSERTIONS = NO;
				ENABLE_STRICT_OBJC_MSGSEND = YES;
				GCC_C_LANGUAGE_STANDARD = gnu11;
				GCC_NO_COMMON_BLOCKS = YES;
				GCC_WARN_64_TO_32_BIT_CONVERSION = YES;
				GCC_WARN_ABOUT_RETURN_TYPE = YES_ERROR;
				GCC_WARN_UNDECLARED_SELECTOR = YES;
				GCC_WARN_UNINITIALIZED_AUTOS = YES_AGGRESSIVE;
				GCC_WARN_UNUSED_FUNCTION = YES;
				GCC_WARN_UNUSED_VARIABLE = YES;
				IPHONEOS_DEPLOYMENT_TARGET = 16.1;
				MTL_ENABLE_DEBUG_INFO = NO;
				MTL_FAST_MATH = YES;
				SDKROOT = iphoneos;
				SWIFT_COMPILATION_MODE = wholemodule;
				SWIFT_OPTIMIZATION_LEVEL = "-O";
				VALIDATE_PRODUCT = YES;
			};
			name = Release;
		};
		A006ADC729311EBC005CEC0E /* Debug */ = {
			isa = XCBuildConfiguration;
			buildSettings = {
				ASSETCATALOG_COMPILER_APPICON_NAME = AppIcon;
				ASSETCATALOG_COMPILER_GLOBAL_ACCENT_COLOR_NAME = AccentColor;
				CODE_SIGN_STYLE = Automatic;
				CURRENT_PROJECT_VERSION = 1;
				GENERATE_INFOPLIST_FILE = YES;
				INFOPLIST_FILE = SmartFoodApp/Info.plist;
				INFOPLIST_KEY_UIApplicationSupportsIndirectInputEvents = YES;
				INFOPLIST_KEY_UILaunchStoryboardName = LaunchScreen;
				INFOPLIST_KEY_UIMainStoryboardFile = Main;
				INFOPLIST_KEY_UISupportedInterfaceOrientations_iPad = "UIInterfaceOrientationPortrait UIInterfaceOrientationPortraitUpsideDown UIInterfaceOrientationLandscapeLeft UIInterfaceOrientationLandscapeRight";
				INFOPLIST_KEY_UISupportedInterfaceOrientations_iPhone = "UIInterfaceOrientationPortrait UIInterfaceOrientationLandscapeLeft UIInterfaceOrientationLandscapeRight";
				LD_RUNPATH_SEARCH_PATHS = (
					"$(inherited)",
					"@executable_path/Frameworks",
				);
				MARKETING_VERSION = 1.0;
				PRODUCT_BUNDLE_IDENTIFIER = com.briveram.SmartFoodApp;
				PRODUCT_NAME = "$(TARGET_NAME)";
				SWIFT_EMIT_LOC_STRINGS = YES;
				SWIFT_VERSION = 5.0;
				TARGETED_DEVICE_FAMILY = "1,2";
			};
			name = Debug;
		};
		A006ADC829311EBC005CEC0E /* Release */ = {
			isa = XCBuildConfiguration;
			buildSettings = {
				ASSETCATALOG_COMPILER_APPICON_NAME = AppIcon;
				ASSETCATALOG_COMPILER_GLOBAL_ACCENT_COLOR_NAME = AccentColor;
				CODE_SIGN_STYLE = Automatic;
				CURRENT_PROJECT_VERSION = 1;
				GENERATE_INFOPLIST_FILE = YES;
				INFOPLIST_FILE = SmartFoodApp/Info.plist;
				INFOPLIST_KEY_UIApplicationSupportsIndirectInputEvents = YES;
				INFOPLIST_KEY_UILaunchStoryboardName = LaunchScreen;
				INFOPLIST_KEY_UIMainStoryboardFile = Main;
				INFOPLIST_KEY_UISupportedInterfaceOrientations_iPad = "UIInterfaceOrientationPortrait UIInterfaceOrientationPortraitUpsideDown UIInterfaceOrientationLandscapeLeft UIInterfaceOrientationLandscapeRight";
				INFOPLIST_KEY_UISupportedInterfaceOrientations_iPhone = "UIInterfaceOrientationPortrait UIInterfaceOrientationLandscapeLeft UIInterfaceOrientationLandscapeRight";
				LD_RUNPATH_SEARCH_PATHS = (
					"$(inherited)",
					"@executable_path/Frameworks",
				);
				MARKETING_VERSION = 1.0;
				PRODUCT_BUNDLE_IDENTIFIER = com.briveram.SmartFoodApp;
				PRODUCT_NAME = "$(TARGET_NAME)";
				SWIFT_EMIT_LOC_STRINGS = YES;
				SWIFT_VERSION = 5.0;
				TARGETED_DEVICE_FAMILY = "1,2";
			};
			name = Release;
		};
/* End XCBuildConfiguration section */

/* Begin XCConfigurationList section */
		A006ADAD29311EBA005CEC0E /* Build configuration list for PBXProject "SmartFoodApp" */ = {
			isa = XCConfigurationList;
			buildConfigurations = (
				A006ADC429311EBC005CEC0E /* Debug */,
				A006ADC529311EBC005CEC0E /* Release */,
			);
			defaultConfigurationIsVisible = 0;
			defaultConfigurationName = Release;
		};
		A006ADC629311EBC005CEC0E /* Build configuration list for PBXNativeTarget "SmartFoodApp" */ = {
			isa = XCConfigurationList;
			buildConfigurations = (
				A006ADC729311EBC005CEC0E /* Debug */,
				A006ADC829311EBC005CEC0E /* Release */,
			);
			defaultConfigurationIsVisible = 0;
			defaultConfigurationName = Release;
		};
/* End XCConfigurationList section */
	};
	rootObject = A006ADAA29311EBA005CEC0E /* Project object */;
}
