// !$*UTF8*$!
{
	archiveVersion = 1;
	classes = {
	};
	objectVersion = 56;
	objects = {

/* Begin PBXBuildFile section */
		A002DF202938187E004D7D3E /* FakeJson.json in Resources */ = {isa = PBXBuildFile; fileRef = A002DF1F2938187E004D7D3E /* FakeJson.json */; };
		A006ADB629311EBA005CEC0E /* AppDelegate.swift in Sources */ = {isa = PBXBuildFile; fileRef = A006ADB529311EBA005CEC0E /* AppDelegate.swift */; };
		A006ADB829311EBA005CEC0E /* SceneDelegate.swift in Sources */ = {isa = PBXBuildFile; fileRef = A006ADB729311EBA005CEC0E /* SceneDelegate.swift */; };
		A006ADBD29311EBA005CEC0E /* Main.storyboard in Resources */ = {isa = PBXBuildFile; fileRef = A006ADBB29311EBA005CEC0E /* Main.storyboard */; };
		A006ADBF29311EBC005CEC0E /* Assets.xcassets in Resources */ = {isa = PBXBuildFile; fileRef = A006ADBE29311EBC005CEC0E /* Assets.xcassets */; };
		A006ADC229311EBC005CEC0E /* LaunchScreen.storyboard in Resources */ = {isa = PBXBuildFile; fileRef = A006ADC029311EBC005CEC0E /* LaunchScreen.storyboard */; };
		A0AFA015293D2804006C78DB /* FoodModel.swift in Sources */ = {isa = PBXBuildFile; fileRef = A0AFA014293D2804006C78DB /* FoodModel.swift */; };
		A0AFA017293E1751006C78DB /* FoodTableViewCell.swift in Sources */ = {isa = PBXBuildFile; fileRef = A0AFA016293E1751006C78DB /* FoodTableViewCell.swift */; };
		A0AFA019293E18AF006C78DB /* ListFoodViewController.swift in Sources */ = {isa = PBXBuildFile; fileRef = A0AFA018293E18AF006C78DB /* ListFoodViewController.swift */; };
		A0AFA01B293E27F5006C78DB /* ModalFoodDetailsViewController.swift in Sources */ = {isa = PBXBuildFile; fileRef = A0AFA01A293E27F5006C78DB /* ModalFoodDetailsViewController.swift */; };
		A0AFA01F293E605E006C78DB /* DateFoodViewController.swift in Sources */ = {isa = PBXBuildFile; fileRef = A0AFA01E293E605E006C78DB /* DateFoodViewController.swift */; };
		A0AFA024293EA152006C78DB /* PrototypeFood.storyboard in Resources */ = {isa = PBXBuildFile; fileRef = A0AFA023293EA152006C78DB /* PrototypeFood.storyboard */; };
		A0AFA026293EABEF006C78DB /* HomeTableViewCell.swift in Sources */ = {isa = PBXBuildFile; fileRef = A0AFA025293EABEF006C78DB /* HomeTableViewCell.swift */; };
		A0AFA028293EAEF5006C78DB /* HomeCollectionViewCell.swift in Sources */ = {isa = PBXBuildFile; fileRef = A0AFA027293EAEF5006C78DB /* HomeCollectionViewCell.swift */; };
		A0AFA02A293EB0AA006C78DB /* HomeViewController.swift in Sources */ = {isa = PBXBuildFile; fileRef = A0AFA029293EB0AA006C78DB /* HomeViewController.swift */; };
		A0AFA02C293EB160006C78DB /* FoodCollectionSections.swift in Sources */ = {isa = PBXBuildFile; fileRef = A0AFA02B293EB160006C78DB /* FoodCollectionSections.swift */; };
/* End PBXBuildFile section */

/* Begin PBXFileReference section */
		A002DF1F2938187E004D7D3E /* FakeJson.json */ = {isa = PBXFileReference; lastKnownFileType = text.json; path = FakeJson.json; sourceTree = "<group>"; xcLanguageSpecificationIdentifier = xcode.lang.json; };
		A006ADB229311EBA005CEC0E /* SmartFoodApp.app */ = {isa = PBXFileReference; explicitFileType = wrapper.application; includeInIndex = 0; path = SmartFoodApp.app; sourceTree = BUILT_PRODUCTS_DIR; };
		A006ADB529311EBA005CEC0E /* AppDelegate.swift */ = {isa = PBXFileReference; lastKnownFileType = sourcecode.swift; path = AppDelegate.swift; sourceTree = "<group>"; };
		A006ADB729311EBA005CEC0E /* SceneDelegate.swift */ = {isa = PBXFileReference; lastKnownFileType = sourcecode.swift; path = SceneDelegate.swift; sourceTree = "<group>"; };
		A006ADBC29311EBA005CEC0E /* Base */ = {isa = PBXFileReference; lastKnownFileType = file.storyboard; name = Base; path = Base.lproj/Main.storyboard; sourceTree = "<group>"; };
		A006ADBE29311EBC005CEC0E /* Assets.xcassets */ = {isa = PBXFileReference; lastKnownFileType = folder.assetcatalog; path = Assets.xcassets; sourceTree = "<group>"; };
		A006ADC129311EBC005CEC0E /* Base */ = {isa = PBXFileReference; lastKnownFileType = file.storyboard; name = Base; path = Base.lproj/LaunchScreen.storyboard; sourceTree = "<group>"; };
		A006ADC329311EBC005CEC0E /* Info.plist */ = {isa = PBXFileReference; lastKnownFileType = text.plist.xml; path = Info.plist; sourceTree = "<group>"; };
		A0AFA014293D2804006C78DB /* FoodModel.swift */ = {isa = PBXFileReference; lastKnownFileType = sourcecode.swift; path = FoodModel.swift; sourceTree = "<group>"; };
		A0AFA016293E1751006C78DB /* FoodTableViewCell.swift */ = {isa = PBXFileReference; lastKnownFileType = sourcecode.swift; path = FoodTableViewCell.swift; sourceTree = "<group>"; };
		A0AFA018293E18AF006C78DB /* ListFoodViewController.swift */ = {isa = PBXFileReference; lastKnownFileType = sourcecode.swift; path = ListFoodViewController.swift; sourceTree = "<group>"; };
		A0AFA01A293E27F5006C78DB /* ModalFoodDetailsViewController.swift */ = {isa = PBXFileReference; lastKnownFileType = sourcecode.swift; path = ModalFoodDetailsViewController.swift; sourceTree = "<group>"; };
		A0AFA01E293E605E006C78DB /* DateFoodViewController.swift */ = {isa = PBXFileReference; lastKnownFileType = sourcecode.swift; path = DateFoodViewController.swift; sourceTree = "<group>"; };
		A0AFA023293EA152006C78DB /* PrototypeFood.storyboard */ = {isa = PBXFileReference; lastKnownFileType = file.storyboard; path = PrototypeFood.storyboard; sourceTree = "<group>"; };
		A0AFA025293EABEF006C78DB /* HomeTableViewCell.swift */ = {isa = PBXFileReference; lastKnownFileType = sourcecode.swift; path = HomeTableViewCell.swift; sourceTree = "<group>"; };
		A0AFA027293EAEF5006C78DB /* HomeCollectionViewCell.swift */ = {isa = PBXFileReference; lastKnownFileType = sourcecode.swift; path = HomeCollectionViewCell.swift; sourceTree = "<group>"; };
		A0AFA029293EB0AA006C78DB /* HomeViewController.swift */ = {isa = PBXFileReference; lastKnownFileType = sourcecode.swift; path = HomeViewController.swift; sourceTree = "<group>"; };
		A0AFA02B293EB160006C78DB /* FoodCollectionSections.swift */ = {isa = PBXFileReference; lastKnownFileType = sourcecode.swift; path = FoodCollectionSections.swift; sourceTree = "<group>"; };
/* End PBXFileReference section */

/* Begin PBXFrameworksBuildPhase section */
		A006ADAF29311EBA005CEC0E /* Frameworks */ = {
			isa = PBXFrameworksBuildPhase;
			buildActionMask = 2147483647;
			files = (
			);
			runOnlyForDeploymentPostprocessing = 0;
		};
/* End PBXFrameworksBuildPhase section */

/* Begin PBXGroup section */
		A006ADA929311EBA005CEC0E = {
			isa = PBXGroup;
			children = (
				A002DF1F2938187E004D7D3E /* FakeJson.json */,
				A006ADB429311EBA005CEC0E /* SmartFoodApp */,
				A006ADB329311EBA005CEC0E /* Products */,
			);
			sourceTree = "<group>";
		};
		A006ADB329311EBA005CEC0E /* Products */ = {
			isa = PBXGroup;
			children = (
				A006ADB229311EBA005CEC0E /* SmartFoodApp.app */,
			);
			name = Products;
			sourceTree = "<group>";
		};
		A006ADB429311EBA005CEC0E /* SmartFoodApp */ = {
			isa = PBXGroup;
			children = (
				A0AFA022293E9E9F006C78DB /* Views */,
				A0AFA021293E9E96006C78DB /* Models */,
				A0AFA020293E9E8B006C78DB /* Controllers */,
				A006ADB529311EBA005CEC0E /* AppDelegate.swift */,
				A006ADB729311EBA005CEC0E /* SceneDelegate.swift */,
				A006ADBE29311EBC005CEC0E /* Assets.xcassets */,
				A006ADC329311EBC005CEC0E /* Info.plist */,
			);
			path = SmartFoodApp;
			sourceTree = "<group>";
		};
		A0AFA020293E9E8B006C78DB /* Controllers */ = {
			isa = PBXGroup;
			children = (
				A0AFA016293E1751006C78DB /* FoodTableViewCell.swift */,
				A0AFA018293E18AF006C78DB /* ListFoodViewController.swift */,
				A0AFA01E293E605E006C78DB /* DateFoodViewController.swift */,
				A0AFA01A293E27F5006C78DB /* ModalFoodDetailsViewController.swift */,
				A0AFA025293EABEF006C78DB /* HomeTableViewCell.swift */,
				A0AFA027293EAEF5006C78DB /* HomeCollectionViewCell.swift */,
				A0AFA029293EB0AA006C78DB /* HomeViewController.swift */,
			);
			path = Controllers;
			sourceTree = "<group>";
		};
		A0AFA021293E9E96006C78DB /* Models */ = {
			isa = PBXGroup;
			children = (
				A0AFA014293D2804006C78DB /* FoodModel.swift */,
				A0AFA02B293EB160006C78DB /* FoodCollectionSections.swift */,
			);
			path = Models;
			sourceTree = "<group>";
		};
		A0AFA022293E9E9F006C78DB /* Views */ = {
			isa = PBXGroup;
			children = (
				A006ADBB29311EBA005CEC0E /* Main.storyboard */,
				A006ADC029311EBC005CEC0E /* LaunchScreen.storyboard */,
				A0AFA023293EA152006C78DB /* PrototypeFood.storyboard */,
			);
			path = Views;
			sourceTree = "<group>";
		};
/* End PBXGroup section */

/* Begin PBXNativeTarget section */
		A006ADB129311EBA005CEC0E /* SmartFoodApp */ = {
			isa = PBXNativeTarget;
			buildConfigurationList = A006ADC629311EBC005CEC0E /* Build configuration list for PBXNativeTarget "SmartFoodApp" */;
			buildPhases = (
				A006ADAE29311EBA005CEC0E /* Sources */,
				A006ADAF29311EBA005CEC0E /* Frameworks */,
				A006ADB029311EBA005CEC0E /* Resources */,
			);
			buildRules = (
			);
			dependencies = (
			);
			name = SmartFoodApp;
			productName = SmartFoodApp;
			productReference = A006ADB229311EBA005CEC0E /* SmartFoodApp.app */;
			productType = "com.apple.product-type.application";
		};
/* End PBXNativeTarget section */

/* Begin PBXProject section */
		A006ADAA29311EBA005CEC0E /* Project object */ = {
			isa = PBXProject;
			attributes = {
				BuildIndependentTargetsInParallel = 1;
				LastSwiftUpdateCheck = 1410;
				LastUpgradeCheck = 1410;
				TargetAttributes = {
					A006ADB129311EBA005CEC0E = {
						CreatedOnToolsVersion = 14.1;
					};
				};
			};
			buildConfigurationList = A006ADAD29311EBA005CEC0E /* Build configuration list for PBXProject "SmartFoodApp" */;
			compatibilityVersion = "Xcode 14.0";
			developmentRegion = en;
			hasScannedForEncodings = 0;
			knownRegions = (
				en,
				Base,
			);
			mainGroup = A006ADA929311EBA005CEC0E;
			productRefGroup = A006ADB329311EBA005CEC0E /* Products */;
			projectDirPath = "";
			projectRoot = "";
			targets = (
				A006ADB129311EBA005CEC0E /* SmartFoodApp */,
			);
		};
/* End PBXProject section */

/* Begin PBXResourcesBuildPhase section */
		A006ADB029311EBA005CEC0E /* Resources */ = {
			isa = PBXResourcesBuildPhase;
			buildActionMask = 2147483647;
			files = (
				A006ADC229311EBC005CEC0E /* LaunchScreen.storyboard in Resources */,
				A006ADBF29311EBC005CEC0E /* Assets.xcassets in Resources */,
				A002DF202938187E004D7D3E /* FakeJson.json in Resources */,
				A0AFA024293EA152006C78DB /* PrototypeFood.storyboard in Resources */,
				A006ADBD29311EBA005CEC0E /* Main.storyboard in Resources */,
			);
			runOnlyForDeploymentPostprocessing = 0;
		};
/* End PBXResourcesBuildPhase section */

/* Begin PBXSourcesBuildPhase section */
		A006ADAE29311EBA005CEC0E /* Sources */ = {
			isa = PBXSourcesBuildPhase;
			buildActionMask = 2147483647;
			files = (
				A0AFA015293D2804006C78DB /* FoodModel.swift in Sources */,
				A0AFA02C293EB160006C78DB /* FoodCollectionSections.swift in Sources */,
				A006ADB629311EBA005CEC0E /* AppDelegate.swift in Sources */,
				A006ADB829311EBA005CEC0E /* SceneDelegate.swift in Sources */,
				A0AFA01F293E605E006C78DB /* DateFoodViewController.swift in Sources */,
				A0AFA019293E18AF006C78DB /* ListFoodViewController.swift in Sources */,
				A0AFA02A293EB0AA006C78DB /* HomeViewController.swift in Sources */,
				A0AFA028293EAEF5006C78DB /* HomeCollectionViewCell.swift in Sources */,
				A0AFA017293E1751006C78DB /* FoodTableViewCell.swift in Sources */,
				A0AFA026293EABEF006C78DB /* HomeTableViewCell.swift in Sources */,
				A0AFA01B293E27F5006C78DB /* ModalFoodDetailsViewController.swift in Sources */,
			);
			runOnlyForDeploymentPostprocessing = 0;
		};
/* End PBXSourcesBuildPhase section */

/* Begin PBXVariantGroup section */
		A006ADBB29311EBA005CEC0E /* Main.storyboard */ = {
			isa = PBXVariantGroup;
			children = (
				A006ADBC29311EBA005CEC0E /* Base */,
			);
			name = Main.storyboard;
			sourceTree = "<group>";
		};
		A006ADC029311EBC005CEC0E /* LaunchScreen.storyboard */ = {
			isa = PBXVariantGroup;
			children = (
				A006ADC129311EBC005CEC0E /* Base */,
			);
			name = LaunchScreen.storyboard;
			sourceTree = "<group>";
		};
/* End PBXVariantGroup section */

/* Begin XCBuildConfiguration section */
		A006ADC429311EBC005CEC0E /* Debug */ = {
			isa = XCBuildConfiguration;
			buildSettings = {
				ALWAYS_SEARCH_USER_PATHS = NO;
				CLANG_ANALYZER_NONNULL = YES;
				CLANG_ANALYZER_NUMBER_OBJECT_CONVERSION = YES_AGGRESSIVE;
				CLANG_CXX_LANGUAGE_STANDARD = "gnu++20";
				CLANG_ENABLE_MODULES = YES;
				CLANG_ENABLE_OBJC_ARC = YES;
				CLANG_ENABLE_OBJC_WEAK = YES;
				CLANG_WARN_BLOCK_CAPTURE_AUTORELEASING = YES;
				CLANG_WARN_BOOL_CONVERSION = YES;
				CLANG_WARN_COMMA = YES;
				CLANG_WARN_CONSTANT_CONVERSION = YES;
				CLANG_WARN_DEPRECATED_OBJC_IMPLEMENTATIONS = YES;
				CLANG_WARN_DIRECT_OBJC_ISA_USAGE = YES_ERROR;
				CLANG_WARN_DOCUMENTATION_COMMENTS = YES;
				CLANG_WARN_EMPTY_BODY = YES;
				CLANG_WARN_ENUM_CONVERSION = YES;
				CLANG_WARN_INFINITE_RECURSION = YES;
				CLANG_WARN_INT_CONVERSION = YES;
				CLANG_WARN_NON_LITERAL_NULL_CONVERSION = YES;
				CLANG_WARN_OBJC_IMPLICIT_RETAIN_SELF = YES;
				CLANG_WARN_OBJC_LITERAL_CONVERSION = YES;
				CLANG_WARN_OBJC_ROOT_CLASS = YES_ERROR;
				CLANG_WARN_QUOTED_INCLUDE_IN_FRAMEWORK_HEADER = YES;
				CLANG_WARN_RANGE_LOOP_ANALYSIS = YES;
				CLANG_WARN_STRICT_PROTOTYPES = YES;
				CLANG_WARN_SUSPICIOUS_MOVE = YES;
				CLANG_WARN_UNGUARDED_AVAILABILITY = YES_AGGRESSIVE;
				CLANG_WARN_UNREACHABLE_CODE = YES;
				CLANG_WARN__DUPLICATE_METHOD_MATCH = YES;
				COPY_PHASE_STRIP = NO;
				DEBUG_INFORMATION_FORMAT = dwarf;
				ENABLE_STRICT_OBJC_MSGSEND = YES;
				ENABLE_TESTABILITY = YES;
				GCC_C_LANGUAGE_STANDARD = gnu11;
				GCC_DYNAMIC_NO_PIC = NO;
				GCC_NO_COMMON_BLOCKS = YES;
				GCC_OPTIMIZATION_LEVEL = 0;
				GCC_PREPROCESSOR_DEFINITIONS = (
					"DEBUG=1",
					"$(inherited)",
				);
				GCC_WARN_64_TO_32_BIT_CONVERSION = YES;
				GCC_WARN_ABOUT_RETURN_TYPE = YES_ERROR;
				GCC_WARN_UNDECLARED_SELECTOR = YES;
				GCC_WARN_UNINITIALIZED_AUTOS = YES_AGGRESSIVE;
				GCC_WARN_UNUSED_FUNCTION = YES;
				GCC_WARN_UNUSED_VARIABLE = YES;
				IPHONEOS_DEPLOYMENT_TARGET = 16.1;
				MTL_ENABLE_DEBUG_INFO = INCLUDE_SOURCE;
				MTL_FAST_MATH = YES;
				ONLY_ACTIVE_ARCH = YES;
				SDKROOT = iphoneos;
				SWIFT_ACTIVE_COMPILATION_CONDITIONS = DEBUG;
				SWIFT_OPTIMIZATION_LEVEL = "-Onone";
			};
			name = Debug;
		};
		A006ADC529311EBC005CEC0E /* Release */ = {
			isa = XCBuildConfiguration;
			buildSettings = {
				ALWAYS_SEARCH_USER_PATHS = NO;
				CLANG_ANALYZER_NONNULL = YES;
				CLANG_ANALYZER_NUMBER_OBJECT_CONVERSION = YES_AGGRESSIVE;
				CLANG_CXX_LANGUAGE_STANDARD = "gnu++20";
				CLANG_ENABLE_MODULES = YES;
				CLANG_ENABLE_OBJC_ARC = YES;
				CLANG_ENABLE_OBJC_WEAK = YES;
				CLANG_WARN_BLOCK_CAPTURE_AUTORELEASING = YES;
				CLANG_WARN_BOOL_CONVERSION = YES;
				CLANG_WARN_COMMA = YES;
				CLANG_WARN_CONSTANT_CONVERSION = YES;
				CLANG_WARN_DEPRECATED_OBJC_IMPLEMENTATIONS = YES;
				CLANG_WARN_DIRECT_OBJC_ISA_USAGE = YES_ERROR;
				CLANG_WARN_DOCUMENTATION_COMMENTS = YES;
				CLANG_WARN_EMPTY_BODY = YES;
				CLANG_WARN_ENUM_CONVERSION = YES;
				CLANG_WARN_INFINITE_RECURSION = YES;
				CLANG_WARN_INT_CONVERSION = YES;
				CLANG_WARN_NON_LITERAL_NULL_CONVERSION = YES;
				CLANG_WARN_OBJC_IMPLICIT_RETAIN_SELF = YES;
				CLANG_WARN_OBJC_LITERAL_CONVERSION = YES;
				CLANG_WARN_OBJC_ROOT_CLASS = YES_ERROR;
				CLANG_WARN_QUOTED_INCLUDE_IN_FRAMEWORK_HEADER = YES;
				CLANG_WARN_RANGE_LOOP_ANALYSIS = YES;
				CLANG_WARN_STRICT_PROTOTYPES = YES;
				CLANG_WARN_SUSPICIOUS_MOVE = YES;
				CLANG_WARN_UNGUARDED_AVAILABILITY = YES_AGGRESSIVE;
				CLANG_WARN_UNREACHABLE_CODE = YES;
				CLANG_WARN__DUPLICATE_METHOD_MATCH = YES;
				COPY_PHASE_STRIP = NO;
				DEBUG_INFORMATION_FORMAT = "dwarf-with-dsym";
				ENABLE_NS_ASSERTIONS = NO;
				ENABLE_STRICT_OBJC_MSGSEND = YES;
				GCC_C_LANGUAGE_STANDARD = gnu11;
				GCC_NO_COMMON_BLOCKS = YES;
				GCC_WARN_64_TO_32_BIT_CONVERSION = YES;
				GCC_WARN_ABOUT_RETURN_TYPE = YES_ERROR;
				GCC_WARN_UNDECLARED_SELECTOR = YES;
				GCC_WARN_UNINITIALIZED_AUTOS = YES_AGGRESSIVE;
				GCC_WARN_UNUSED_FUNCTION = YES;
				GCC_WARN_UNUSED_VARIABLE = YES;
				IPHONEOS_DEPLOYMENT_TARGET = 16.1;
				MTL_ENABLE_DEBUG_INFO = NO;
				MTL_FAST_MATH = YES;
				SDKROOT = iphoneos;
				SWIFT_COMPILATION_MODE = wholemodule;
				SWIFT_OPTIMIZATION_LEVEL = "-O";
				VALIDATE_PRODUCT = YES;
			};
			name = Release;
		};
		A006ADC729311EBC005CEC0E /* Debug */ = {
			isa = XCBuildConfiguration;
			buildSettings = {
				ASSETCATALOG_COMPILER_APPICON_NAME = AppIcon;
				ASSETCATALOG_COMPILER_GLOBAL_ACCENT_COLOR_NAME = AccentColor;
				CODE_SIGN_STYLE = Automatic;
				CURRENT_PROJECT_VERSION = 1;
				GENERATE_INFOPLIST_FILE = YES;
				INFOPLIST_FILE = SmartFoodApp/Info.plist;
				INFOPLIST_KEY_UIApplicationSupportsIndirectInputEvents = YES;
				INFOPLIST_KEY_UILaunchStoryboardName = LaunchScreen;
				INFOPLIST_KEY_UIMainStoryboardFile = Main;
				INFOPLIST_KEY_UISupportedInterfaceOrientations_iPad = "UIInterfaceOrientationPortrait UIInterfaceOrientationPortraitUpsideDown UIInterfaceOrientationLandscapeLeft UIInterfaceOrientationLandscapeRight";
				INFOPLIST_KEY_UISupportedInterfaceOrientations_iPhone = "UIInterfaceOrientationPortrait UIInterfaceOrientationLandscapeLeft UIInterfaceOrientationLandscapeRight";
				LD_RUNPATH_SEARCH_PATHS = (
					"$(inherited)",
					"@executable_path/Frameworks",
				);
				MARKETING_VERSION = 1.0;
				PRODUCT_BUNDLE_IDENTIFIER = com.briveram.SmartFoodApp;
				PRODUCT_NAME = "$(TARGET_NAME)";
				SWIFT_EMIT_LOC_STRINGS = YES;
				SWIFT_VERSION = 5.0;
				TARGETED_DEVICE_FAMILY = "1,2";
			};
			name = Debug;
		};
		A006ADC829311EBC005CEC0E /* Release */ = {
			isa = XCBuildConfiguration;
			buildSettings = {
				ASSETCATALOG_COMPILER_APPICON_NAME = AppIcon;
				ASSETCATALOG_COMPILER_GLOBAL_ACCENT_COLOR_NAME = AccentColor;
				CODE_SIGN_STYLE = Automatic;
				CURRENT_PROJECT_VERSION = 1;
				GENERATE_INFOPLIST_FILE = YES;
				INFOPLIST_FILE = SmartFoodApp/Info.plist;
				INFOPLIST_KEY_UIApplicationSupportsIndirectInputEvents = YES;
				INFOPLIST_KEY_UILaunchStoryboardName = LaunchScreen;
				INFOPLIST_KEY_UIMainStoryboardFile = Main;
				INFOPLIST_KEY_UISupportedInterfaceOrientations_iPad = "UIInterfaceOrientationPortrait UIInterfaceOrientationPortraitUpsideDown UIInterfaceOrientationLandscapeLeft UIInterfaceOrientationLandscapeRight";
				INFOPLIST_KEY_UISupportedInterfaceOrientations_iPhone = "UIInterfaceOrientationPortrait UIInterfaceOrientationLandscapeLeft UIInterfaceOrientationLandscapeRight";
				LD_RUNPATH_SEARCH_PATHS = (
					"$(inherited)",
					"@executable_path/Frameworks",
				);
				MARKETING_VERSION = 1.0;
				PRODUCT_BUNDLE_IDENTIFIER = com.briveram.SmartFoodApp;
				PRODUCT_NAME = "$(TARGET_NAME)";
				SWIFT_EMIT_LOC_STRINGS = YES;
				SWIFT_VERSION = 5.0;
				TARGETED_DEVICE_FAMILY = "1,2";
			};
			name = Release;
		};
/* End XCBuildConfiguration section */

/* Begin XCConfigurationList section */
		A006ADAD29311EBA005CEC0E /* Build configuration list for PBXProject "SmartFoodApp" */ = {
			isa = XCConfigurationList;
			buildConfigurations = (
				A006ADC429311EBC005CEC0E /* Debug */,
				A006ADC529311EBC005CEC0E /* Release */,
			);
			defaultConfigurationIsVisible = 0;
			defaultConfigurationName = Release;
		};
		A006ADC629311EBC005CEC0E /* Build configuration list for PBXNativeTarget "SmartFoodApp" */ = {
			isa = XCConfigurationList;
			buildConfigurations = (
				A006ADC729311EBC005CEC0E /* Debug */,
				A006ADC829311EBC005CEC0E /* Release */,
			);
			defaultConfigurationIsVisible = 0;
			defaultConfigurationName = Release;
		};
/* End XCConfigurationList section */
	};
	rootObject = A006ADAA29311EBA005CEC0E /* Project object */;
}
